
Microsoft Visual Studio Solution File, Format Version 12.00
# Visual Studio Version 17
VisualStudioVersion = 17.8.34322.80
MinimumVisualStudioVersion = 10.0.40219.1
Project("{FAE04EC0-301F-11D3-BF4B-00C04F79EFBC}") = "vstest", "vstest.csproj", "{AA8D0802-F2AC-459E-A484-591C170BC57F}"
EndProject
Global
	GlobalSection(SolutionConfigurationPlatforms) = preSolution
		Debug|Any CPU = Debug|Any CPU
		Release|Any CPU = Release|Any CPU
	EndGlobalSection
	GlobalSection(ProjectConfigurationPlatforms) = postSolution
		{AA8D0802-F2AC-459E-A484-591C170BC57F}.Debug|Any CPU.ActiveCfg = Debug|Any CPU
		{AA8D0802-F2AC-459E-A484-591C170BC57F}.Debug|Any CPU.Build.0 = Debug|Any CPU
		{AA8D0802-F2AC-459E-A484-591C170BC57F}.Release|Any CPU.ActiveCfg = Release|Any CPU
		{AA8D0802-F2AC-459E-A484-591C170BC57F}.Release|Any CPU.Build.0 = Release|Any CPU
	EndGlobalSection
	GlobalSection(SolutionProperties) = preSolution
		HideSolutionNode = FALSE
	EndGlobalSection
	GlobalSection(ExtensibilityGlobals) = postSolution
		SolutionGuid = {A3413CED-F284-4178-B783-34B2E872A9C4}
	EndGlobalSection
EndGlobal
